
Microsoft Visual Studio Solution File, Format Version 12.00
# Visual Studio Version 17
VisualStudioVersion = 17.10.34928.147
MinimumVisualStudioVersion = 10.0.40219.1
Project("{FAE04EC0-301F-11D3-BF4B-00C04F79EFBC}") = "SalesForcastApp", "SalesForcastApp\SalesForcastApp.csproj", "{EEA431A9-F429-4B05-8AD9-B6CCA18598C7}"
EndProject
Global
	GlobalSection(SolutionConfigurationPlatforms) = preSolution
		Debug|Any CPU = Debug|Any CPU
		Release|Any CPU = Release|Any CPU
	EndGlobalSection
	GlobalSection(ProjectConfigurationPlatforms) = postSolution
		{EEA431A9-F429-4B05-8AD9-B6CCA18598C7}.Debug|Any CPU.ActiveCfg = Debug|Any CPU
		{EEA431A9-F429-4B05-8AD9-B6CCA18598C7}.Debug|Any CPU.Build.0 = Debug|Any CPU
		{EEA431A9-F429-4B05-8AD9-B6CCA18598C7}.Release|Any CPU.ActiveCfg = Release|Any CPU
		{EEA431A9-F429-4B05-8AD9-B6CCA18598C7}.Release|Any CPU.Build.0 = Release|Any CPU
	EndGlobalSection
	GlobalSection(SolutionProperties) = preSolution
		HideSolutionNode = FALSE
	EndGlobalSection
	GlobalSection(ExtensibilityGlobals) = postSolution
		SolutionGuid = {9FEB6036-11AC-471D-AC7F-6FA1099FAE2D}
	EndGlobalSection
EndGlobal
